DEPENDENCIES
  chef-nextcloud
    path: .
    metadata: true

GRAPH
  apache2 (3.2.2)
  apt (4.0.2)
    compat_resource (>= 12.10)
  build-essential (6.0.4)
    compat_resource (>= 12.10)
    mingw (>= 1.1)
    seven_zip (>= 0.0.0)
  chef-nextcloud (0.1.0)
    apache2 (>= 0.0.0)
    mariadb (>= 0.0.0)
    php (>= 0.0.0)
    yum-epel (>= 0.0.0)
  chef-sugar (3.4.0)
  chef_handler (1.4.0)
  compat_resource (12.14.0)
  iis (4.2.0)
    windows (>= 1.34.6)
  mariadb (0.3.1)
    apt (>= 0.0.0)
    yum (>= 0.0.0)
    yum-epel (>= 0.0.0)
  mingw (1.2.4)
    compat_resource (>= 0.0.0)
    seven_zip (>= 0.0.0)
  mysql (8.0.2)
  php (1.10.1)
    build-essential (>= 0.0.0)
    iis (>= 0.0.0)
    mysql (>= 6.0.0)
    windows (>= 1.39.1)
    xml (>= 0.0.0)
    yum-epel (>= 0.0.0)
  seven_zip (2.0.2)
    windows (>= 1.2.2)
  windows (1.44.3)
    chef_handler (>= 0.0.0)
  xml (2.0.0)
    build-essential (>= 0.0.0)
    chef-sugar (>= 0.0.0)
  yum (3.12.0)
  yum-epel (0.7.1)
    yum (>= 3.6.3)
